
Microsoft Visual Studio Solution File, Format Version 10.00
# Visual Studio 2008
Project("{FAE04EC0-301F-11D3-BF4B-00C04F79EFBC}") = "HexacopterController", "HexacopterController\HexacopterController.csproj", "{0B51DDDC-0917-493E-A0BD-73192A1C4649}"
EndProject
Project("{FAE04EC0-301F-11D3-BF4B-00C04F79EFBC}") = "SimpleSerialPort", "HexacopterController\EasySerialPort\SimpleSerialPort.csproj", "{D7450AA6-F964-487D-B2AA-661D0908A7EE}"
EndProject
Global
	GlobalSection(SolutionConfigurationPlatforms) = preSolution
		Debug|Any CPU = Debug|Any CPU
		Release|Any CPU = Release|Any CPU
	EndGlobalSection
	GlobalSection(ProjectConfigurationPlatforms) = postSolution
		{0B51DDDC-0917-493E-A0BD-73192A1C4649}.Debug|Any CPU.ActiveCfg = Debug|Any CPU
		{0B51DDDC-0917-493E-A0BD-73192A1C4649}.Debug|Any CPU.Build.0 = Debug|Any CPU
		{0B51DDDC-0917-493E-A0BD-73192A1C4649}.Release|Any CPU.ActiveCfg = Release|Any CPU
		{0B51DDDC-0917-493E-A0BD-73192A1C4649}.Release|Any CPU.Build.0 = Release|Any CPU
		{D7450AA6-F964-487D-B2AA-661D0908A7EE}.Debug|Any CPU.ActiveCfg = Debug|Any CPU
		{D7450AA6-F964-487D-B2AA-661D0908A7EE}.Debug|Any CPU.Build.0 = Debug|Any CPU
		{D7450AA6-F964-487D-B2AA-661D0908A7EE}.Release|Any CPU.ActiveCfg = Release|Any CPU
		{D7450AA6-F964-487D-B2AA-661D0908A7EE}.Release|Any CPU.Build.0 = Release|Any CPU
	EndGlobalSection
	GlobalSection(SolutionProperties) = preSolution
		HideSolutionNode = FALSE
	EndGlobalSection
EndGlobal
